
Microsoft Visual Studio Solution File, Format Version 12.00
Project("{FAE04EC0-301F-11D3-BF4B-00C04F79EFBC}") = "RoslynApp", "RoslynApp\RoslynApp.csproj", "{A08F20EB-3E4B-467D-BED8-D60079E7104A}"
EndProject
Project("{FAE04EC0-301F-11D3-BF4B-00C04F79EFBC}") = "RoslynServer", "RoslynServer\RoslynServer.csproj", "{547A7F0F-CCCA-4FCA-8ED8-76E5BD94DD87}"
EndProject
Global
	GlobalSection(SolutionConfigurationPlatforms) = preSolution
		Debug|Any CPU = Debug|Any CPU
		Release|Any CPU = Release|Any CPU
	EndGlobalSection
	GlobalSection(ProjectConfigurationPlatforms) = postSolution
		{A08F20EB-3E4B-467D-BED8-D60079E7104A}.Debug|Any CPU.ActiveCfg = Debug|Any CPU
		{A08F20EB-3E4B-467D-BED8-D60079E7104A}.Debug|Any CPU.Build.0 = Debug|Any CPU
		{A08F20EB-3E4B-467D-BED8-D60079E7104A}.Release|Any CPU.ActiveCfg = Release|Any CPU
		{A08F20EB-3E4B-467D-BED8-D60079E7104A}.Release|Any CPU.Build.0 = Release|Any CPU
		{547A7F0F-CCCA-4FCA-8ED8-76E5BD94DD87}.Debug|Any CPU.ActiveCfg = Debug|Any CPU
		{547A7F0F-CCCA-4FCA-8ED8-76E5BD94DD87}.Debug|Any CPU.Build.0 = Debug|Any CPU
		{547A7F0F-CCCA-4FCA-8ED8-76E5BD94DD87}.Release|Any CPU.ActiveCfg = Release|Any CPU
		{547A7F0F-CCCA-4FCA-8ED8-76E5BD94DD87}.Release|Any CPU.Build.0 = Release|Any CPU
	EndGlobalSection
EndGlobal
